
Microsoft Visual Studio Solution File, Format Version 12.00
# Visual Studio Version 17
VisualStudioVersion = 17.0.31903.59
MinimumVisualStudioVersion = 10.0.40219.1
Project("{9A19103F-16F7-4668-BE54-9A1E7A4F7556}") = "Controller", "Controller\Controller.csproj", "{EBE1EE09-6F05-48F6-941F-560CEB48CD17}"
EndProject
Project("{9A19103F-16F7-4668-BE54-9A1E7A4F7556}") = "Repository", "Repository\Repository.csproj", "{0105C15B-83C8-4404-8FDA-42E9D079314E}"
EndProject
Project("{2150E333-8FDC-42A3-9474-1A3956D46DE8}") = "2 - Controller", "2 - Controller", "{3C089BC9-D0AB-4940-891D-EBF93BE32188}"
EndProject
Project("{2150E333-8FDC-42A3-9474-1A3956D46DE8}") = "1 - Repository", "1 - Repository", "{5B94B67B-57BE-45A0-AB7E-638CBDA830FD}"
EndProject
Project("{2150E333-8FDC-42A3-9474-1A3956D46DE8}") = "3 - Web", "3 - Web", "{A9910D1B-A574-4CE4-988A-5E135D56FE41}"
EndProject
Project("{9A19103F-16F7-4668-BE54-9A1E7A4F7556}") = "Web", "Web\Web.csproj", "{B49F9333-84EC-4387-A68F-5897C7B4E798}"
EndProject
Project("{2150E333-8FDC-42A3-9474-1A3956D46DE8}") = "Solution Items", "Solution Items", "{28CBC7A3-A745-4B4F-9AB5-BEE826578399}"
	ProjectSection(SolutionItems) = preProject
		.editorconfig = .editorconfig
		..\README.md = ..\README.md
		.assets\SharedProjectConfiguration.targets = .assets\SharedProjectConfiguration.targets
	EndProjectSection
EndProject
Project("{9A19103F-16F7-4668-BE54-9A1E7A4F7556}") = "Controller.Tests", "Controller.Tests\Controller.Tests.csproj", "{1C884513-5150-4029-BFE2-AC360E58735B}"
EndProject
Project("{9A19103F-16F7-4668-BE54-9A1E7A4F7556}") = "Repository.Tests", "Repository.Tests\Repository.Tests.csproj", "{BBAB7393-6BF6-4251-920D-82DA4651BD5A}"
EndProject
Project("{2150E333-8FDC-42A3-9474-1A3956D46DE8}") = "0 - Common", "0 - Common", "{8B053680-3074-4989-A941-799E2832674C}"
EndProject
Project("{9A19103F-16F7-4668-BE54-9A1E7A4F7556}") = "Resources", "Resources\Resources.csproj", "{B44B4311-9020-477E-A7A7-5E41CE42DE4D}"
EndProject
Project("{FAE04EC0-301F-11D3-BF4B-00C04F79EFBC}") = "Common", "Common\Common.csproj", "{FE783E45-5E66-4A6E-8D25-58CBCE155C93}"
EndProject
Project("{FAE04EC0-301F-11D3-BF4B-00C04F79EFBC}") = "Common.Tests", "Common.Tests\Common.Tests.csproj", "{3E13D4FD-A585-47B4-8CE3-3CCAB4C18295}"
EndProject
Project("{FAE04EC0-301F-11D3-BF4B-00C04F79EFBC}") = "Resources.Test", "Resources.Test\Resources.Test.csproj", "{2F377F89-3E12-4241-BAA9-3D99DCC36B9D}"
EndProject
Project("{FAE04EC0-301F-11D3-BF4B-00C04F79EFBC}") = "Web.Tests", "Web.Tests\Web.Tests.csproj", "{AEFD4FA5-4394-4653-9836-9F455C3EF40D}"
EndProject
Global
	GlobalSection(SolutionConfigurationPlatforms) = preSolution
		Debug|Any CPU = Debug|Any CPU
		Release|Any CPU = Release|Any CPU
	EndGlobalSection
	GlobalSection(ProjectConfigurationPlatforms) = postSolution
		{EBE1EE09-6F05-48F6-941F-560CEB48CD17}.Debug|Any CPU.ActiveCfg = Debug|Any CPU
		{EBE1EE09-6F05-48F6-941F-560CEB48CD17}.Debug|Any CPU.Build.0 = Debug|Any CPU
		{EBE1EE09-6F05-48F6-941F-560CEB48CD17}.Release|Any CPU.ActiveCfg = Release|Any CPU
		{EBE1EE09-6F05-48F6-941F-560CEB48CD17}.Release|Any CPU.Build.0 = Release|Any CPU
		{0105C15B-83C8-4404-8FDA-42E9D079314E}.Debug|Any CPU.ActiveCfg = Debug|Any CPU
		{0105C15B-83C8-4404-8FDA-42E9D079314E}.Debug|Any CPU.Build.0 = Debug|Any CPU
		{0105C15B-83C8-4404-8FDA-42E9D079314E}.Release|Any CPU.ActiveCfg = Release|Any CPU
		{0105C15B-83C8-4404-8FDA-42E9D079314E}.Release|Any CPU.Build.0 = Release|Any CPU
		{B49F9333-84EC-4387-A68F-5897C7B4E798}.Debug|Any CPU.ActiveCfg = Debug|Any CPU
		{B49F9333-84EC-4387-A68F-5897C7B4E798}.Debug|Any CPU.Build.0 = Debug|Any CPU
		{B49F9333-84EC-4387-A68F-5897C7B4E798}.Release|Any CPU.ActiveCfg = Release|Any CPU
		{B49F9333-84EC-4387-A68F-5897C7B4E798}.Release|Any CPU.Build.0 = Release|Any CPU
		{1C884513-5150-4029-BFE2-AC360E58735B}.Debug|Any CPU.ActiveCfg = Debug|Any CPU
		{1C884513-5150-4029-BFE2-AC360E58735B}.Debug|Any CPU.Build.0 = Debug|Any CPU
		{1C884513-5150-4029-BFE2-AC360E58735B}.Release|Any CPU.ActiveCfg = Release|Any CPU
		{1C884513-5150-4029-BFE2-AC360E58735B}.Release|Any CPU.Build.0 = Release|Any CPU
		{BBAB7393-6BF6-4251-920D-82DA4651BD5A}.Debug|Any CPU.ActiveCfg = Debug|Any CPU
		{BBAB7393-6BF6-4251-920D-82DA4651BD5A}.Debug|Any CPU.Build.0 = Debug|Any CPU
		{BBAB7393-6BF6-4251-920D-82DA4651BD5A}.Release|Any CPU.ActiveCfg = Release|Any CPU
		{BBAB7393-6BF6-4251-920D-82DA4651BD5A}.Release|Any CPU.Build.0 = Release|Any CPU
		{B44B4311-9020-477E-A7A7-5E41CE42DE4D}.Debug|Any CPU.ActiveCfg = Debug|Any CPU
		{B44B4311-9020-477E-A7A7-5E41CE42DE4D}.Debug|Any CPU.Build.0 = Debug|Any CPU
		{B44B4311-9020-477E-A7A7-5E41CE42DE4D}.Release|Any CPU.ActiveCfg = Release|Any CPU
		{B44B4311-9020-477E-A7A7-5E41CE42DE4D}.Release|Any CPU.Build.0 = Release|Any CPU
		{FE783E45-5E66-4A6E-8D25-58CBCE155C93}.Debug|Any CPU.ActiveCfg = Debug|Any CPU
		{FE783E45-5E66-4A6E-8D25-58CBCE155C93}.Debug|Any CPU.Build.0 = Debug|Any CPU
		{FE783E45-5E66-4A6E-8D25-58CBCE155C93}.Release|Any CPU.ActiveCfg = Release|Any CPU
		{FE783E45-5E66-4A6E-8D25-58CBCE155C93}.Release|Any CPU.Build.0 = Release|Any CPU
		{3E13D4FD-A585-47B4-8CE3-3CCAB4C18295}.Debug|Any CPU.ActiveCfg = Debug|Any CPU
		{3E13D4FD-A585-47B4-8CE3-3CCAB4C18295}.Debug|Any CPU.Build.0 = Debug|Any CPU
		{3E13D4FD-A585-47B4-8CE3-3CCAB4C18295}.Release|Any CPU.ActiveCfg = Release|Any CPU
		{3E13D4FD-A585-47B4-8CE3-3CCAB4C18295}.Release|Any CPU.Build.0 = Release|Any CPU
		{2F377F89-3E12-4241-BAA9-3D99DCC36B9D}.Debug|Any CPU.ActiveCfg = Debug|Any CPU
		{2F377F89-3E12-4241-BAA9-3D99DCC36B9D}.Debug|Any CPU.Build.0 = Debug|Any CPU
		{2F377F89-3E12-4241-BAA9-3D99DCC36B9D}.Release|Any CPU.ActiveCfg = Release|Any CPU
		{2F377F89-3E12-4241-BAA9-3D99DCC36B9D}.Release|Any CPU.Build.0 = Release|Any CPU
		{AEFD4FA5-4394-4653-9836-9F455C3EF40D}.Debug|Any CPU.ActiveCfg = Debug|Any CPU
		{AEFD4FA5-4394-4653-9836-9F455C3EF40D}.Debug|Any CPU.Build.0 = Debug|Any CPU
		{AEFD4FA5-4394-4653-9836-9F455C3EF40D}.Release|Any CPU.ActiveCfg = Release|Any CPU
		{AEFD4FA5-4394-4653-9836-9F455C3EF40D}.Release|Any CPU.Build.0 = Release|Any CPU
	EndGlobalSection
	GlobalSection(SolutionProperties) = preSolution
		HideSolutionNode = FALSE
	EndGlobalSection
	GlobalSection(NestedProjects) = preSolution
		{EBE1EE09-6F05-48F6-941F-560CEB48CD17} = {3C089BC9-D0AB-4940-891D-EBF93BE32188}
		{0105C15B-83C8-4404-8FDA-42E9D079314E} = {5B94B67B-57BE-45A0-AB7E-638CBDA830FD}
		{B49F9333-84EC-4387-A68F-5897C7B4E798} = {A9910D1B-A574-4CE4-988A-5E135D56FE41}
		{1C884513-5150-4029-BFE2-AC360E58735B} = {3C089BC9-D0AB-4940-891D-EBF93BE32188}
		{BBAB7393-6BF6-4251-920D-82DA4651BD5A} = {5B94B67B-57BE-45A0-AB7E-638CBDA830FD}
		{B44B4311-9020-477E-A7A7-5E41CE42DE4D} = {8B053680-3074-4989-A941-799E2832674C}
		{FE783E45-5E66-4A6E-8D25-58CBCE155C93} = {8B053680-3074-4989-A941-799E2832674C}
		{3E13D4FD-A585-47B4-8CE3-3CCAB4C18295} = {8B053680-3074-4989-A941-799E2832674C}
		{2F377F89-3E12-4241-BAA9-3D99DCC36B9D} = {8B053680-3074-4989-A941-799E2832674C}
		{AEFD4FA5-4394-4653-9836-9F455C3EF40D} = {A9910D1B-A574-4CE4-988A-5E135D56FE41}
	EndGlobalSection
	GlobalSection(ExtensibilityGlobals) = postSolution
		SolutionGuid = {BC75A01D-BD9F-4ECE-85AC-491D9F7C7480}
	EndGlobalSection
EndGlobal
